
Microsoft Visual Studio Solution File, Format Version 12.00
# Visual Studio Version 16
VisualStudioVersion = 16.0.32602.291
MinimumVisualStudioVersion = 10.0.40219.1
Project("{FAE04EC0-301F-11D3-BF4B-00C04F79EFBC}") = "PriorityQueue", "PriorityQueue\PriorityQueue.csproj", "{E0F40A23-D2B3-420B-92C6-FEE6FD48D99D}"
EndProject
Global
	GlobalSection(SolutionConfigurationPlatforms) = preSolution
		Debug|Any CPU = Debug|Any CPU
		Release|Any CPU = Release|Any CPU
	EndGlobalSection
	GlobalSection(ProjectConfigurationPlatforms) = postSolution
		{E0F40A23-D2B3-420B-92C6-FEE6FD48D99D}.Debug|Any CPU.ActiveCfg = Debug|Any CPU
		{E0F40A23-D2B3-420B-92C6-FEE6FD48D99D}.Debug|Any CPU.Build.0 = Debug|Any CPU
		{E0F40A23-D2B3-420B-92C6-FEE6FD48D99D}.Release|Any CPU.ActiveCfg = Release|Any CPU
		{E0F40A23-D2B3-420B-92C6-FEE6FD48D99D}.Release|Any CPU.Build.0 = Release|Any CPU
	EndGlobalSection
	GlobalSection(SolutionProperties) = preSolution
		HideSolutionNode = FALSE
	EndGlobalSection
	GlobalSection(ExtensibilityGlobals) = postSolution
		SolutionGuid = {84DBB6E7-25F0-4BFB-A737-0F35E6D8B66B}
	EndGlobalSection
EndGlobal
