
Microsoft Visual Studio Solution File, Format Version 12.00
# Visual Studio Version 16
VisualStudioVersion = 16.0.32602.291
MinimumVisualStudioVersion = 10.0.40219.1
Project("{FAE04EC0-301F-11D3-BF4B-00C04F79EFBC}") = "BFS", "BFS\BFS.csproj", "{356C442A-54ED-424C-96BE-A0E2E7978FD5}"
EndProject
Global
	GlobalSection(SolutionConfigurationPlatforms) = preSolution
		Debug|Any CPU = Debug|Any CPU
		Release|Any CPU = Release|Any CPU
	EndGlobalSection
	GlobalSection(ProjectConfigurationPlatforms) = postSolution
		{356C442A-54ED-424C-96BE-A0E2E7978FD5}.Debug|Any CPU.ActiveCfg = Debug|Any CPU
		{356C442A-54ED-424C-96BE-A0E2E7978FD5}.Debug|Any CPU.Build.0 = Debug|Any CPU
		{356C442A-54ED-424C-96BE-A0E2E7978FD5}.Release|Any CPU.ActiveCfg = Release|Any CPU
		{356C442A-54ED-424C-96BE-A0E2E7978FD5}.Release|Any CPU.Build.0 = Release|Any CPU
	EndGlobalSection
	GlobalSection(SolutionProperties) = preSolution
		HideSolutionNode = FALSE
	EndGlobalSection
	GlobalSection(ExtensibilityGlobals) = postSolution
		SolutionGuid = {69BEE988-6C4A-4E4D-9037-ABF95950D321}
	EndGlobalSection
EndGlobal
