
Microsoft Visual Studio Solution File, Format Version 12.00
# Visual Studio Version 16
VisualStudioVersion = 16.0.32602.291
MinimumVisualStudioVersion = 10.0.40219.1
Project("{FAE04EC0-301F-11D3-BF4B-00C04F79EFBC}") = "Tree", "Tree\Tree.csproj", "{46BC5002-1E9B-4C60-B462-C2FE21FEE552}"
EndProject
Global
	GlobalSection(SolutionConfigurationPlatforms) = preSolution
		Debug|Any CPU = Debug|Any CPU
		Release|Any CPU = Release|Any CPU
	EndGlobalSection
	GlobalSection(ProjectConfigurationPlatforms) = postSolution
		{46BC5002-1E9B-4C60-B462-C2FE21FEE552}.Debug|Any CPU.ActiveCfg = Debug|Any CPU
		{46BC5002-1E9B-4C60-B462-C2FE21FEE552}.Debug|Any CPU.Build.0 = Debug|Any CPU
		{46BC5002-1E9B-4C60-B462-C2FE21FEE552}.Release|Any CPU.ActiveCfg = Release|Any CPU
		{46BC5002-1E9B-4C60-B462-C2FE21FEE552}.Release|Any CPU.Build.0 = Release|Any CPU
	EndGlobalSection
	GlobalSection(SolutionProperties) = preSolution
		HideSolutionNode = FALSE
	EndGlobalSection
	GlobalSection(ExtensibilityGlobals) = postSolution
		SolutionGuid = {A6259935-D309-4390-96F8-534BC41A13DB}
	EndGlobalSection
EndGlobal
